
Microsoft Visual Studio Solution File, Format Version 12.00
# Visual Studio Version 16
VisualStudioVersion = 16.0.29318.209
MinimumVisualStudioVersion = 10.0.40219.1
Project("{FAE04EC0-301F-11D3-BF4B-00C04F79EFBC}") = "MDT_WP", "MDT_WP\MDT_WP.csproj", "{DAE11E4B-61E1-4873-A778-1529AEE9EEC0}"
EndProject
Global
	GlobalSection(SolutionConfigurationPlatforms) = preSolution
		Debug|Any CPU = Debug|Any CPU
		Release|Any CPU = Release|Any CPU
	EndGlobalSection
	GlobalSection(ProjectConfigurationPlatforms) = postSolution
		{DAE11E4B-61E1-4873-A778-1529AEE9EEC0}.Debug|Any CPU.ActiveCfg = Debug|Any CPU
		{DAE11E4B-61E1-4873-A778-1529AEE9EEC0}.Debug|Any CPU.Build.0 = Debug|Any CPU
		{DAE11E4B-61E1-4873-A778-1529AEE9EEC0}.Release|Any CPU.ActiveCfg = Release|Any CPU
		{DAE11E4B-61E1-4873-A778-1529AEE9EEC0}.Release|Any CPU.Build.0 = Release|Any CPU
	EndGlobalSection
	GlobalSection(SolutionProperties) = preSolution
		HideSolutionNode = FALSE
	EndGlobalSection
	GlobalSection(ExtensibilityGlobals) = postSolution
		SolutionGuid = {39B7BA40-1A43-4E6F-BCCE-B835EF6DF17D}
	EndGlobalSection
EndGlobal
